
Microsoft Visual Studio Solution File, Format Version 12.00
# Visual Studio Version 17
VisualStudioVersion = 17.6.33815.320
MinimumVisualStudioVersion = 10.0.40219.1
Project("{FAE04EC0-301F-11D3-BF4B-00C04F79EFBC}") = "Postcode checker", "Postcode checker\Postcode checker.csproj", "{818908F3-4A51-4C1F-BBD4-876E93E7BA16}"
EndProject
Global
	GlobalSection(SolutionConfigurationPlatforms) = preSolution
		Debug|Any CPU = Debug|Any CPU
		Release|Any CPU = Release|Any CPU
	EndGlobalSection
	GlobalSection(ProjectConfigurationPlatforms) = postSolution
		{818908F3-4A51-4C1F-BBD4-876E93E7BA16}.Debug|Any CPU.ActiveCfg = Debug|Any CPU
		{818908F3-4A51-4C1F-BBD4-876E93E7BA16}.Debug|Any CPU.Build.0 = Debug|Any CPU
		{818908F3-4A51-4C1F-BBD4-876E93E7BA16}.Release|Any CPU.ActiveCfg = Release|Any CPU
		{818908F3-4A51-4C1F-BBD4-876E93E7BA16}.Release|Any CPU.Build.0 = Release|Any CPU
	EndGlobalSection
	GlobalSection(SolutionProperties) = preSolution
		HideSolutionNode = FALSE
	EndGlobalSection
	GlobalSection(ExtensibilityGlobals) = postSolution
		SolutionGuid = {F01DA8F0-7A3E-4661-B7D3-6CFF1C8E5E9C}
	EndGlobalSection
EndGlobal
